
Microsoft Visual Studio Solution File, Format Version 12.00
# Visual Studio Version 16
VisualStudioVersion = 16.0.33214.272
MinimumVisualStudioVersion = 10.0.40219.1
Project("{FAE04EC0-301F-11D3-BF4B-00C04F79EFBC}") = "ProjectPi", "ProjectPi\ProjectPi.csproj", "{C7021A02-A491-461A-8325-7E46A2927F24}"
EndProject
Global
	GlobalSection(SolutionConfigurationPlatforms) = preSolution
		Debug|Any CPU = Debug|Any CPU
		Release|Any CPU = Release|Any CPU
	EndGlobalSection
	GlobalSection(ProjectConfigurationPlatforms) = postSolution
		{C7021A02-A491-461A-8325-7E46A2927F24}.Debug|Any CPU.ActiveCfg = Debug|Any CPU
		{C7021A02-A491-461A-8325-7E46A2927F24}.Debug|Any CPU.Build.0 = Debug|Any CPU
		{C7021A02-A491-461A-8325-7E46A2927F24}.Release|Any CPU.ActiveCfg = Release|Any CPU
		{C7021A02-A491-461A-8325-7E46A2927F24}.Release|Any CPU.Build.0 = Release|Any CPU
	EndGlobalSection
	GlobalSection(SolutionProperties) = preSolution
		HideSolutionNode = FALSE
	EndGlobalSection
	GlobalSection(ExtensibilityGlobals) = postSolution
		SolutionGuid = {EAECF663-39A3-4E99-AE0E-A0152CF6B4C1}
	EndGlobalSection
EndGlobal
